
Microsoft Visual Studio Solution File, Format Version 12.00
# Visual Studio Version 16
VisualStudioVersion = 16.0.29503.13
MinimumVisualStudioVersion = 10.0.40219.1
Project("{FAE04EC0-301F-11D3-BF4B-00C04F79EFBC}") = "HaLi.Tools.SecretMemory", "HaLi.Tools.SecretMemory\HaLi.Tools.SecretMemory.csproj", "{D47078DC-7A8A-4811-962E-A4FC6974271E}"
EndProject
Project("{FAE04EC0-301F-11D3-BF4B-00C04F79EFBC}") = "Tester", "Tester\Tester.csproj", "{854F0A47-70F9-43C6-B892-B67C50FFB032}"
EndProject
Project("{FAE04EC0-301F-11D3-BF4B-00C04F79EFBC}") = "HaLi.Tools.Randomization", "HaLi.Tools.Randomization\HaLi.Tools.Randomization.csproj", "{C5DB1261-90E8-49A8-8A9E-709D63B88DC9}"
EndProject
Project("{FAE04EC0-301F-11D3-BF4B-00C04F79EFBC}") = "HaLi.Tools.EasyLock", "HaLi.Tools.EasyLock\HaLi.Tools.EasyLock.csproj", "{120028AE-9B10-464D-8278-5F48BE8F7BBC}"
EndProject
Project("{FAE04EC0-301F-11D3-BF4B-00C04F79EFBC}") = "HaLi.Tools.Extends", "HaLi.Tools.Extends\HaLi.Tools.Extends.csproj", "{85101852-11EE-4119-BFCA-906BE23ECBC3}"
EndProject
Project("{FAE04EC0-301F-11D3-BF4B-00C04F79EFBC}") = "HaLi.Tools.EasyPool", "HaLi.Tools.EasyPool\HaLi.Tools.EasyPool.csproj", "{1EBEB87C-2361-49E1-A57B-AAA07DEBEBCB}"
EndProject
Global
	GlobalSection(SolutionConfigurationPlatforms) = preSolution
		Debug|Any CPU = Debug|Any CPU
		Release|Any CPU = Release|Any CPU
	EndGlobalSection
	GlobalSection(ProjectConfigurationPlatforms) = postSolution
		{D47078DC-7A8A-4811-962E-A4FC6974271E}.Debug|Any CPU.ActiveCfg = Debug|Any CPU
		{D47078DC-7A8A-4811-962E-A4FC6974271E}.Debug|Any CPU.Build.0 = Debug|Any CPU
		{D47078DC-7A8A-4811-962E-A4FC6974271E}.Release|Any CPU.ActiveCfg = Release|Any CPU
		{D47078DC-7A8A-4811-962E-A4FC6974271E}.Release|Any CPU.Build.0 = Release|Any CPU
		{854F0A47-70F9-43C6-B892-B67C50FFB032}.Debug|Any CPU.ActiveCfg = Debug|Any CPU
		{854F0A47-70F9-43C6-B892-B67C50FFB032}.Debug|Any CPU.Build.0 = Debug|Any CPU
		{854F0A47-70F9-43C6-B892-B67C50FFB032}.Release|Any CPU.ActiveCfg = Release|Any CPU
		{854F0A47-70F9-43C6-B892-B67C50FFB032}.Release|Any CPU.Build.0 = Release|Any CPU
		{C5DB1261-90E8-49A8-8A9E-709D63B88DC9}.Debug|Any CPU.ActiveCfg = Debug|Any CPU
		{C5DB1261-90E8-49A8-8A9E-709D63B88DC9}.Debug|Any CPU.Build.0 = Debug|Any CPU
		{C5DB1261-90E8-49A8-8A9E-709D63B88DC9}.Release|Any CPU.ActiveCfg = Release|Any CPU
		{C5DB1261-90E8-49A8-8A9E-709D63B88DC9}.Release|Any CPU.Build.0 = Release|Any CPU
		{120028AE-9B10-464D-8278-5F48BE8F7BBC}.Debug|Any CPU.ActiveCfg = Debug|Any CPU
		{120028AE-9B10-464D-8278-5F48BE8F7BBC}.Debug|Any CPU.Build.0 = Debug|Any CPU
		{120028AE-9B10-464D-8278-5F48BE8F7BBC}.Release|Any CPU.ActiveCfg = Release|Any CPU
		{120028AE-9B10-464D-8278-5F48BE8F7BBC}.Release|Any CPU.Build.0 = Release|Any CPU
		{85101852-11EE-4119-BFCA-906BE23ECBC3}.Debug|Any CPU.ActiveCfg = Debug|Any CPU
		{85101852-11EE-4119-BFCA-906BE23ECBC3}.Debug|Any CPU.Build.0 = Debug|Any CPU
		{85101852-11EE-4119-BFCA-906BE23ECBC3}.Release|Any CPU.ActiveCfg = Release|Any CPU
		{85101852-11EE-4119-BFCA-906BE23ECBC3}.Release|Any CPU.Build.0 = Release|Any CPU
		{1EBEB87C-2361-49E1-A57B-AAA07DEBEBCB}.Debug|Any CPU.ActiveCfg = Debug|Any CPU
		{1EBEB87C-2361-49E1-A57B-AAA07DEBEBCB}.Debug|Any CPU.Build.0 = Debug|Any CPU
		{1EBEB87C-2361-49E1-A57B-AAA07DEBEBCB}.Release|Any CPU.ActiveCfg = Release|Any CPU
		{1EBEB87C-2361-49E1-A57B-AAA07DEBEBCB}.Release|Any CPU.Build.0 = Release|Any CPU
	EndGlobalSection
	GlobalSection(SolutionProperties) = preSolution
		HideSolutionNode = FALSE
	EndGlobalSection
	GlobalSection(ExtensibilityGlobals) = postSolution
		SolutionGuid = {D38FF6A8-3FF5-4E0B-AA65-4A6050BC6CB2}
	EndGlobalSection
EndGlobal
